// !$*UTF8*$!
{
	archiveVersion = 1;
	classes = {
	};
	objectVersion = 56;
	objects = {

/* Begin PBXBuildFile section */
		7B5C12A32C0705670096DE9E /* TouristSpotViewController.swift in Sources */ = {isa = PBXBuildFile; fileRef = 7B5C12A22C0705670096DE9E /* TouristSpotViewController.swift */; };
		7B5C12A52C07058B0096DE9E /* AdvertiseViewController.swift in Sources */ = {isa = PBXBuildFile; fileRef = 7B5C12A42C07058B0096DE9E /* AdvertiseViewController.swift */; };
		7B5C12A82C07079D0096DE9E /* CellToMoveViewControllerProtocol.swift in Sources */ = {isa = PBXBuildFile; fileRef = 7B5C12A72C07079D0096DE9E /* CellToMoveViewControllerProtocol.swift */; };
		7B5C12AA2C07121E0096DE9E /* UINavigationController+.swift in Sources */ = {isa = PBXBuildFile; fileRef = 7B5C12A92C07121E0096DE9E /* UINavigationController+.swift */; };
		7B5C12AC2C0716960096DE9E /* CityInfo.swift in Sources */ = {isa = PBXBuildFile; fileRef = 7B5C12AB2C0716960096DE9E /* CityInfo.swift */; };
		7B5C12AE2C0717670096DE9E /* PopularCity.storyboard in Resources */ = {isa = PBXBuildFile; fileRef = 7B5C12AD2C0717670096DE9E /* PopularCity.storyboard */; };
		7B5C12B12C0717A40096DE9E /* PopularCityViewController.swift in Sources */ = {isa = PBXBuildFile; fileRef = 7B5C12B02C0717A40096DE9E /* PopularCityViewController.swift */; };
		7B5C12B72C0718F10096DE9E /* PopularCityTableViewCell.xib in Resources */ = {isa = PBXBuildFile; fileRef = 7B5C12B62C0718F10096DE9E /* PopularCityTableViewCell.xib */; };
		7B5C12B82C0718F10096DE9E /* PopularCityTableViewCell.swift in Sources */ = {isa = PBXBuildFile; fileRef = 7B5C12B52C0718F10096DE9E /* PopularCityTableViewCell.swift */; };
		7B5C12BA2C071A130096DE9E /* String+.swift in Sources */ = {isa = PBXBuildFile; fileRef = 7B5C12B92C071A130096DE9E /* String+.swift */; };
		7B5C12C72C087AF60096DE9E /* Restaurant.swift in Sources */ = {isa = PBXBuildFile; fileRef = 7B5C12C62C087AF60096DE9E /* Restaurant.swift */; };
		7B5C12C92C087B410096DE9E /* Restaurant.storyboard in Resources */ = {isa = PBXBuildFile; fileRef = 7B5C12C82C087B410096DE9E /* Restaurant.storyboard */; };
		7B5C12CC2C087B730096DE9E /* RestaurantViewController.swift in Sources */ = {isa = PBXBuildFile; fileRef = 7B5C12CB2C087B730096DE9E /* RestaurantViewController.swift */; };
		7B5C12DF2C0C1B680096DE9E /* TravelDelegate.swift in Sources */ = {isa = PBXBuildFile; fileRef = 7B5C12DE2C0C1B680096DE9E /* TravelDelegate.swift */; };
		7B5C12E52C0C57530096DE9E /* TravelTalk.storyboard in Resources */ = {isa = PBXBuildFile; fileRef = 7B5C12E42C0C57530096DE9E /* TravelTalk.storyboard */; };
		7B5C12E72C0C57830096DE9E /* TravelTalkViewController.swift in Sources */ = {isa = PBXBuildFile; fileRef = 7B5C12E62C0C57830096DE9E /* TravelTalkViewController.swift */; };
		7B5C12EA2C0C5D580096DE9E /* ChattingData.swift in Sources */ = {isa = PBXBuildFile; fileRef = 7B5C12E92C0C5D580096DE9E /* ChattingData.swift */; };
		7B5C12ED2C0C61D20096DE9E /* ReceptionMessageTableViewCell.swift in Sources */ = {isa = PBXBuildFile; fileRef = 7B5C12EB2C0C61D20096DE9E /* ReceptionMessageTableViewCell.swift */; };
		7B5C12EE2C0C61D20096DE9E /* ReceptionMessageTableViewCell.xib in Resources */ = {isa = PBXBuildFile; fileRef = 7B5C12EC2C0C61D20096DE9E /* ReceptionMessageTableViewCell.xib */; };
		7B5C12F12C0C61EF0096DE9E /* OutgoingMessageTableViewCell.swift in Sources */ = {isa = PBXBuildFile; fileRef = 7B5C12EF2C0C61EF0096DE9E /* OutgoingMessageTableViewCell.swift */; };
		7B5C12F22C0C61EF0096DE9E /* OutgoingMessageTableViewCell.xib in Resources */ = {isa = PBXBuildFile; fileRef = 7B5C12F02C0C61EF0096DE9E /* OutgoingMessageTableViewCell.xib */; };
		7B5C12F42C0C63010096DE9E /* ChttingRoomViewController.swift in Sources */ = {isa = PBXBuildFile; fileRef = 7B5C12F32C0C63010096DE9E /* ChttingRoomViewController.swift */; };
		7B5C12F62C0C63430096DE9E /* ReuseIdentifierProtocol.swift in Sources */ = {isa = PBXBuildFile; fileRef = 7B5C12F52C0C63430096DE9E /* ReuseIdentifierProtocol.swift */; };
		7B5C12F82C0C63960096DE9E /* UIViewController+.swift in Sources */ = {isa = PBXBuildFile; fileRef = 7B5C12F72C0C63950096DE9E /* UIViewController+.swift */; };
		7B5C12FA2C0C64010096DE9E /* UITableViewCell+.swift in Sources */ = {isa = PBXBuildFile; fileRef = 7B5C12F92C0C64010096DE9E /* UITableViewCell+.swift */; };
		7B6CC5972C04977300FBFF21 /* MagazineViewController.swift in Sources */ = {isa = PBXBuildFile; fileRef = 7B6CC5962C04977300FBFF21 /* MagazineViewController.swift */; };
		7B6CC5992C0497B900FBFF21 /* MagazineTableViewCell.xib in Resources */ = {isa = PBXBuildFile; fileRef = 7B6CC5982C0497B900FBFF21 /* MagazineTableViewCell.xib */; };
		7B6CC59B2C049DA300FBFF21 /* UIImageView+.swift in Sources */ = {isa = PBXBuildFile; fileRef = 7B6CC59A2C049DA300FBFF21 /* UIImageView+.swift */; };
		7B6CC59D2C04A3F500FBFF21 /* CityDetailInfoViewController.swift in Sources */ = {isa = PBXBuildFile; fileRef = 7B6CC59C2C04A3F500FBFF21 /* CityDetailInfoViewController.swift */; };
		7B6CC5A52C04A65800FBFF21 /* CityDetailInfo.storyboard in Resources */ = {isa = PBXBuildFile; fileRef = 7B6CC5A42C04A65800FBFF21 /* CityDetailInfo.storyboard */; };
		7B6CC5A72C04A74F00FBFF21 /* MainTabBarController.swift in Sources */ = {isa = PBXBuildFile; fileRef = 7B6CC5A62C04A74F00FBFF21 /* MainTabBarController.swift */; };
		7B6CC5A92C04A95B00FBFF21 /* TravelModel.swift in Sources */ = {isa = PBXBuildFile; fileRef = 7B6CC5A82C04A95B00FBFF21 /* TravelModel.swift */; };
		7B6CC5AB2C04AAC500FBFF21 /* CityDetailInfoTableViewCell.swift in Sources */ = {isa = PBXBuildFile; fileRef = 7B6CC5AA2C04AAC500FBFF21 /* CityDetailInfoTableViewCell.swift */; };
		7B6CC5AD2C04AB2600FBFF21 /* CityDetailInfoTableViewCell.xib in Resources */ = {isa = PBXBuildFile; fileRef = 7B6CC5AC2C04AB2600FBFF21 /* CityDetailInfoTableViewCell.xib */; };
		7B6CC5B02C04AB6A00FBFF21 /* AdvertiseTableViewCell.xib in Resources */ = {isa = PBXBuildFile; fileRef = 7B6CC5AF2C04AB6A00FBFF21 /* AdvertiseTableViewCell.xib */; };
		7B6CC5B12C04AB6A00FBFF21 /* AdvertiseTableViewCell.swift in Sources */ = {isa = PBXBuildFile; fileRef = 7B6CC5AE2C04AB6A00FBFF21 /* AdvertiseTableViewCell.swift */; };
		7BBED3622C035DDF0095FA9F /* AppDelegate.swift in Sources */ = {isa = PBXBuildFile; fileRef = 7BBED3612C035DDF0095FA9F /* AppDelegate.swift */; };
		7BBED3642C035DDF0095FA9F /* SceneDelegate.swift in Sources */ = {isa = PBXBuildFile; fileRef = 7BBED3632C035DDF0095FA9F /* SceneDelegate.swift */; };
		7BBED3662C035DDF0095FA9F /* ViewController.swift in Sources */ = {isa = PBXBuildFile; fileRef = 7BBED3652C035DDF0095FA9F /* ViewController.swift */; };
		7BBED3692C035DDF0095FA9F /* Base in Resources */ = {isa = PBXBuildFile; fileRef = 7BBED3682C035DDF0095FA9F /* Base */; };
		7BBED36B2C035DE00095FA9F /* Assets.xcassets in Resources */ = {isa = PBXBuildFile; fileRef = 7BBED36A2C035DE00095FA9F /* Assets.xcassets */; };
		7BBED36E2C035DE00095FA9F /* Base in Resources */ = {isa = PBXBuildFile; fileRef = 7BBED36D2C035DE00095FA9F /* Base */; };
		7BBED3762C035DFE0095FA9F /* .gitignore in Resources */ = {isa = PBXBuildFile; fileRef = 7BBED3752C035DFE0095FA9F /* .gitignore */; };
		7BBED3782C035E320095FA9F /* MagazineInfo.swift in Sources */ = {isa = PBXBuildFile; fileRef = 7BBED3772C035E320095FA9F /* MagazineInfo.swift */; };
		7BBED37B2C036F940095FA9F /* Kingfisher in Frameworks */ = {isa = PBXBuildFile; productRef = 7BBED37A2C036F940095FA9F /* Kingfisher */; };
		7BBED37D2C0370210095FA9F /* Magazine.storyboard in Resources */ = {isa = PBXBuildFile; fileRef = 7BBED37C2C0370210095FA9F /* Magazine.storyboard */; };
		7BBED37F2C0370B40095FA9F /* MagazineTableViewController.swift in Sources */ = {isa = PBXBuildFile; fileRef = 7BBED37E2C0370B40095FA9F /* MagazineTableViewController.swift */; };
		7BBED3812C0371A10095FA9F /* MagazineTableViewCell.swift in Sources */ = {isa = PBXBuildFile; fileRef = 7BBED3802C0371A10095FA9F /* MagazineTableViewCell.swift */; };
/* End PBXBuildFile section */

/* Begin PBXFileReference section */
		7B5C12A22C0705670096DE9E /* TouristSpotViewController.swift */ = {isa = PBXFileReference; lastKnownFileType = sourcecode.swift; path = TouristSpotViewController.swift; sourceTree = "<group>"; };
		7B5C12A42C07058B0096DE9E /* AdvertiseViewController.swift */ = {isa = PBXFileReference; lastKnownFileType = sourcecode.swift; path = AdvertiseViewController.swift; sourceTree = "<group>"; };
		7B5C12A72C07079D0096DE9E /* CellToMoveViewControllerProtocol.swift */ = {isa = PBXFileReference; lastKnownFileType = sourcecode.swift; path = CellToMoveViewControllerProtocol.swift; sourceTree = "<group>"; };
		7B5C12A92C07121E0096DE9E /* UINavigationController+.swift */ = {isa = PBXFileReference; lastKnownFileType = sourcecode.swift; path = "UINavigationController+.swift"; sourceTree = "<group>"; };
		7B5C12AB2C0716960096DE9E /* CityInfo.swift */ = {isa = PBXFileReference; fileEncoding = 4; lastKnownFileType = sourcecode.swift; path = CityInfo.swift; sourceTree = "<group>"; };
		7B5C12AD2C0717670096DE9E /* PopularCity.storyboard */ = {isa = PBXFileReference; lastKnownFileType = file.storyboard; path = PopularCity.storyboard; sourceTree = "<group>"; };
		7B5C12B02C0717A40096DE9E /* PopularCityViewController.swift */ = {isa = PBXFileReference; lastKnownFileType = sourcecode.swift; path = PopularCityViewController.swift; sourceTree = "<group>"; };
		7B5C12B52C0718F10096DE9E /* PopularCityTableViewCell.swift */ = {isa = PBXFileReference; lastKnownFileType = sourcecode.swift; path = PopularCityTableViewCell.swift; sourceTree = "<group>"; };
		7B5C12B62C0718F10096DE9E /* PopularCityTableViewCell.xib */ = {isa = PBXFileReference; lastKnownFileType = file.xib; path = PopularCityTableViewCell.xib; sourceTree = "<group>"; };
		7B5C12B92C071A130096DE9E /* String+.swift */ = {isa = PBXFileReference; lastKnownFileType = sourcecode.swift; path = "String+.swift"; sourceTree = "<group>"; };
		7B5C12C62C087AF60096DE9E /* Restaurant.swift */ = {isa = PBXFileReference; fileEncoding = 4; lastKnownFileType = sourcecode.swift; path = Restaurant.swift; sourceTree = "<group>"; };
		7B5C12C82C087B410096DE9E /* Restaurant.storyboard */ = {isa = PBXFileReference; lastKnownFileType = file.storyboard; path = Restaurant.storyboard; sourceTree = "<group>"; };
		7B5C12CB2C087B730096DE9E /* RestaurantViewController.swift */ = {isa = PBXFileReference; lastKnownFileType = sourcecode.swift; path = RestaurantViewController.swift; sourceTree = "<group>"; };
		7B5C12DE2C0C1B680096DE9E /* TravelDelegate.swift */ = {isa = PBXFileReference; lastKnownFileType = sourcecode.swift; path = TravelDelegate.swift; sourceTree = "<group>"; };
		7B5C12E42C0C57530096DE9E /* TravelTalk.storyboard */ = {isa = PBXFileReference; lastKnownFileType = file.storyboard; path = TravelTalk.storyboard; sourceTree = "<group>"; };
		7B5C12E62C0C57830096DE9E /* TravelTalkViewController.swift */ = {isa = PBXFileReference; lastKnownFileType = sourcecode.swift; path = TravelTalkViewController.swift; sourceTree = "<group>"; };
		7B5C12E92C0C5D580096DE9E /* ChattingData.swift */ = {isa = PBXFileReference; fileEncoding = 4; lastKnownFileType = sourcecode.swift; path = ChattingData.swift; sourceTree = "<group>"; };
		7B5C12EB2C0C61D20096DE9E /* ReceptionMessageTableViewCell.swift */ = {isa = PBXFileReference; lastKnownFileType = sourcecode.swift; path = ReceptionMessageTableViewCell.swift; sourceTree = "<group>"; };
		7B5C12EC2C0C61D20096DE9E /* ReceptionMessageTableViewCell.xib */ = {isa = PBXFileReference; lastKnownFileType = file.xib; path = ReceptionMessageTableViewCell.xib; sourceTree = "<group>"; };
		7B5C12EF2C0C61EF0096DE9E /* OutgoingMessageTableViewCell.swift */ = {isa = PBXFileReference; lastKnownFileType = sourcecode.swift; path = OutgoingMessageTableViewCell.swift; sourceTree = "<group>"; };
		7B5C12F02C0C61EF0096DE9E /* OutgoingMessageTableViewCell.xib */ = {isa = PBXFileReference; lastKnownFileType = file.xib; path = OutgoingMessageTableViewCell.xib; sourceTree = "<group>"; };
		7B5C12F32C0C63010096DE9E /* ChttingRoomViewController.swift */ = {isa = PBXFileReference; lastKnownFileType = sourcecode.swift; path = ChttingRoomViewController.swift; sourceTree = "<group>"; };
		7B5C12F52C0C63430096DE9E /* ReuseIdentifierProtocol.swift */ = {isa = PBXFileReference; lastKnownFileType = sourcecode.swift; path = ReuseIdentifierProtocol.swift; sourceTree = "<group>"; };
		7B5C12F72C0C63950096DE9E /* UIViewController+.swift */ = {isa = PBXFileReference; lastKnownFileType = sourcecode.swift; path = "UIViewController+.swift"; sourceTree = "<group>"; };
		7B5C12F92C0C64010096DE9E /* UITableViewCell+.swift */ = {isa = PBXFileReference; lastKnownFileType = sourcecode.swift; path = "UITableViewCell+.swift"; sourceTree = "<group>"; };
		7B6CC5962C04977300FBFF21 /* MagazineViewController.swift */ = {isa = PBXFileReference; lastKnownFileType = sourcecode.swift; path = MagazineViewController.swift; sourceTree = "<group>"; };
		7B6CC5982C0497B900FBFF21 /* MagazineTableViewCell.xib */ = {isa = PBXFileReference; lastKnownFileType = file.xib; path = MagazineTableViewCell.xib; sourceTree = "<group>"; };
		7B6CC59A2C049DA300FBFF21 /* UIImageView+.swift */ = {isa = PBXFileReference; lastKnownFileType = sourcecode.swift; path = "UIImageView+.swift"; sourceTree = "<group>"; };
		7B6CC59C2C04A3F500FBFF21 /* CityDetailInfoViewController.swift */ = {isa = PBXFileReference; lastKnownFileType = sourcecode.swift; path = CityDetailInfoViewController.swift; sourceTree = "<group>"; };
		7B6CC5A42C04A65800FBFF21 /* CityDetailInfo.storyboard */ = {isa = PBXFileReference; lastKnownFileType = file.storyboard; path = CityDetailInfo.storyboard; sourceTree = "<group>"; };
		7B6CC5A62C04A74F00FBFF21 /* MainTabBarController.swift */ = {isa = PBXFileReference; lastKnownFileType = sourcecode.swift; path = MainTabBarController.swift; sourceTree = "<group>"; };
		7B6CC5A82C04A95B00FBFF21 /* TravelModel.swift */ = {isa = PBXFileReference; fileEncoding = 4; lastKnownFileType = sourcecode.swift; path = TravelModel.swift; sourceTree = "<group>"; };
		7B6CC5AA2C04AAC500FBFF21 /* CityDetailInfoTableViewCell.swift */ = {isa = PBXFileReference; lastKnownFileType = sourcecode.swift; path = CityDetailInfoTableViewCell.swift; sourceTree = "<group>"; };
		7B6CC5AC2C04AB2600FBFF21 /* CityDetailInfoTableViewCell.xib */ = {isa = PBXFileReference; lastKnownFileType = file.xib; path = CityDetailInfoTableViewCell.xib; sourceTree = "<group>"; };
		7B6CC5AE2C04AB6A00FBFF21 /* AdvertiseTableViewCell.swift */ = {isa = PBXFileReference; lastKnownFileType = sourcecode.swift; path = AdvertiseTableViewCell.swift; sourceTree = "<group>"; };
		7B6CC5AF2C04AB6A00FBFF21 /* AdvertiseTableViewCell.xib */ = {isa = PBXFileReference; lastKnownFileType = file.xib; path = AdvertiseTableViewCell.xib; sourceTree = "<group>"; };
		7BBED35E2C035DDF0095FA9F /* TavelMagazine.app */ = {isa = PBXFileReference; explicitFileType = wrapper.application; includeInIndex = 0; path = TavelMagazine.app; sourceTree = BUILT_PRODUCTS_DIR; };
		7BBED3612C035DDF0095FA9F /* AppDelegate.swift */ = {isa = PBXFileReference; lastKnownFileType = sourcecode.swift; path = AppDelegate.swift; sourceTree = "<group>"; };
		7BBED3632C035DDF0095FA9F /* SceneDelegate.swift */ = {isa = PBXFileReference; lastKnownFileType = sourcecode.swift; path = SceneDelegate.swift; sourceTree = "<group>"; };
		7BBED3652C035DDF0095FA9F /* ViewController.swift */ = {isa = PBXFileReference; lastKnownFileType = sourcecode.swift; path = ViewController.swift; sourceTree = "<group>"; };
		7BBED3682C035DDF0095FA9F /* Base */ = {isa = PBXFileReference; lastKnownFileType = file.storyboard; name = Base; path = Base.lproj/Main.storyboard; sourceTree = "<group>"; };
		7BBED36A2C035DE00095FA9F /* Assets.xcassets */ = {isa = PBXFileReference; lastKnownFileType = folder.assetcatalog; path = Assets.xcassets; sourceTree = "<group>"; };
		7BBED36D2C035DE00095FA9F /* Base */ = {isa = PBXFileReference; lastKnownFileType = file.storyboard; name = Base; path = Base.lproj/LaunchScreen.storyboard; sourceTree = "<group>"; };
		7BBED36F2C035DE00095FA9F /* Info.plist */ = {isa = PBXFileReference; lastKnownFileType = text.plist.xml; path = Info.plist; sourceTree = "<group>"; };
		7BBED3752C035DFE0095FA9F /* .gitignore */ = {isa = PBXFileReference; lastKnownFileType = text; path = .gitignore; sourceTree = "<group>"; };
		7BBED3772C035E320095FA9F /* MagazineInfo.swift */ = {isa = PBXFileReference; lastKnownFileType = sourcecode.swift; path = MagazineInfo.swift; sourceTree = "<group>"; };
		7BBED37C2C0370210095FA9F /* Magazine.storyboard */ = {isa = PBXFileReference; lastKnownFileType = file.storyboard; path = Magazine.storyboard; sourceTree = "<group>"; };
		7BBED37E2C0370B40095FA9F /* MagazineTableViewController.swift */ = {isa = PBXFileReference; lastKnownFileType = sourcecode.swift; path = MagazineTableViewController.swift; sourceTree = "<group>"; };
		7BBED3802C0371A10095FA9F /* MagazineTableViewCell.swift */ = {isa = PBXFileReference; lastKnownFileType = sourcecode.swift; path = MagazineTableViewCell.swift; sourceTree = "<group>"; };
/* End PBXFileReference section */

/* Begin PBXFrameworksBuildPhase section */
		7BBED35B2C035DDF0095FA9F /* Frameworks */ = {
			isa = PBXFrameworksBuildPhase;
			buildActionMask = 2147483647;
			files = (
				7BBED37B2C036F940095FA9F /* Kingfisher in Frameworks */,
			);
			runOnlyForDeploymentPostprocessing = 0;
		};
/* End PBXFrameworksBuildPhase section */

/* Begin PBXGroup section */
		7B5C129F2C0704B60096DE9E /* MainTabBar */ = {
			isa = PBXGroup;
			children = (
				7B6CC5A62C04A74F00FBFF21 /* MainTabBarController.swift */,
			);
			path = MainTabBar;
			sourceTree = "<group>";
		};
		7B5C12A02C0704C00096DE9E /* Magazine */ = {
			isa = PBXGroup;
			children = (
				7B5C12E02C0C56410096DE9E /* Cell */,
				7B6CC5962C04977300FBFF21 /* MagazineViewController.swift */,
			);
			path = Magazine;
			sourceTree = "<group>";
		};
		7B5C12A12C0704D40096DE9E /* CityDetailInfo */ = {
			isa = PBXGroup;
			children = (
				7B5C12E12C0C564D0096DE9E /* Cell */,
				7B5C12DE2C0C1B680096DE9E /* TravelDelegate.swift */,
				7B6CC59C2C04A3F500FBFF21 /* CityDetailInfoViewController.swift */,
				7B5C12A22C0705670096DE9E /* TouristSpotViewController.swift */,
				7B5C12A42C07058B0096DE9E /* AdvertiseViewController.swift */,
			);
			path = CityDetailInfo;
			sourceTree = "<group>";
		};
		7B5C12A62C0707080096DE9E /* Protocol */ = {
			isa = PBXGroup;
			children = (
				7B5C12A72C07079D0096DE9E /* CellToMoveViewControllerProtocol.swift */,
				7B5C12F52C0C63430096DE9E /* ReuseIdentifierProtocol.swift */,
			);
			path = Protocol;
			sourceTree = "<group>";
		};
		7B5C12AF2C0717820096DE9E /* PopularCity */ = {
			isa = PBXGroup;
			children = (
				7B5C12E22C0C56570096DE9E /* Cell */,
				7B5C12B02C0717A40096DE9E /* PopularCityViewController.swift */,
			);
			path = PopularCity;
			sourceTree = "<group>";
		};
		7B5C12CA2C087B590096DE9E /* Restaurant */ = {
			isa = PBXGroup;
			children = (
				7B5C12CB2C087B730096DE9E /* RestaurantViewController.swift */,
			);
			path = Restaurant;
			sourceTree = "<group>";
		};
		7B5C12E02C0C56410096DE9E /* Cell */ = {
			isa = PBXGroup;
			children = (
				7B6CC5982C0497B900FBFF21 /* MagazineTableViewCell.xib */,
				7BBED3802C0371A10095FA9F /* MagazineTableViewCell.swift */,
			);
			path = Cell;
			sourceTree = "<group>";
		};
		7B5C12E12C0C564D0096DE9E /* Cell */ = {
			isa = PBXGroup;
			children = (
				7B6CC5AC2C04AB2600FBFF21 /* CityDetailInfoTableViewCell.xib */,
				7B6CC5AA2C04AAC500FBFF21 /* CityDetailInfoTableViewCell.swift */,
				7B6CC5AF2C04AB6A00FBFF21 /* AdvertiseTableViewCell.xib */,
				7B6CC5AE2C04AB6A00FBFF21 /* AdvertiseTableViewCell.swift */,
			);
			path = Cell;
			sourceTree = "<group>";
		};
		7B5C12E22C0C56570096DE9E /* Cell */ = {
			isa = PBXGroup;
			children = (
				7B5C12B52C0718F10096DE9E /* PopularCityTableViewCell.swift */,
				7B5C12B62C0718F10096DE9E /* PopularCityTableViewCell.xib */,
			);
			path = Cell;
			sourceTree = "<group>";
		};
		7B5C12E32C0C57340096DE9E /* TravelTalk */ = {
			isa = PBXGroup;
			children = (
				7B5C12E82C0C590A0096DE9E /* Cell */,
				7B5C12E62C0C57830096DE9E /* TravelTalkViewController.swift */,
				7B5C12F32C0C63010096DE9E /* ChttingRoomViewController.swift */,
			);
			path = TravelTalk;
			sourceTree = "<group>";
		};
		7B5C12E82C0C590A0096DE9E /* Cell */ = {
			isa = PBXGroup;
			children = (
				7B5C12EB2C0C61D20096DE9E /* ReceptionMessageTableViewCell.swift */,
				7B5C12EC2C0C61D20096DE9E /* ReceptionMessageTableViewCell.xib */,
				7B5C12EF2C0C61EF0096DE9E /* OutgoingMessageTableViewCell.swift */,
				7B5C12F02C0C61EF0096DE9E /* OutgoingMessageTableViewCell.xib */,
			);
			path = Cell;
			sourceTree = "<group>";
		};
		7B6CC59E2C04A4E400FBFF21 /* Storyboard */ = {
			isa = PBXGroup;
			children = (
				7BBED3672C035DDF0095FA9F /* Main.storyboard */,
				7BBED37C2C0370210095FA9F /* Magazine.storyboard */,
				7B6CC5A42C04A65800FBFF21 /* CityDetailInfo.storyboard */,
				7B5C12AD2C0717670096DE9E /* PopularCity.storyboard */,
				7B5C12C82C087B410096DE9E /* Restaurant.storyboard */,
				7B5C12E42C0C57530096DE9E /* TravelTalk.storyboard */,
			);
			path = Storyboard;
			sourceTree = "<group>";
		};
		7B6CC59F2C04A50300FBFF21 /* Model */ = {
			isa = PBXGroup;
			children = (
				7B5C12C62C087AF60096DE9E /* Restaurant.swift */,
				7BBED3772C035E320095FA9F /* MagazineInfo.swift */,
				7B6CC5A82C04A95B00FBFF21 /* TravelModel.swift */,
				7B5C12AB2C0716960096DE9E /* CityInfo.swift */,
				7B5C12E92C0C5D580096DE9E /* ChattingData.swift */,
			);
			path = Model;
			sourceTree = "<group>";
		};
		7B6CC5A12C04A52C00FBFF21 /* ViewController */ = {
			isa = PBXGroup;
			children = (
				7BBED37E2C0370B40095FA9F /* MagazineTableViewController.swift */,
				7B5C129F2C0704B60096DE9E /* MainTabBar */,
				7B5C12A02C0704C00096DE9E /* Magazine */,
				7B5C12A12C0704D40096DE9E /* CityDetailInfo */,
				7B5C12AF2C0717820096DE9E /* PopularCity */,
				7B5C12CA2C087B590096DE9E /* Restaurant */,
				7B5C12E32C0C57340096DE9E /* TravelTalk */,
			);
			path = ViewController;
			sourceTree = "<group>";
		};
		7B6CC5B22C04CF5E00FBFF21 /* Extension */ = {
			isa = PBXGroup;
			children = (
				7B5C12F72C0C63950096DE9E /* UIViewController+.swift */,
				7B5C12F92C0C64010096DE9E /* UITableViewCell+.swift */,
				7B6CC59A2C049DA300FBFF21 /* UIImageView+.swift */,
				7B5C12A92C07121E0096DE9E /* UINavigationController+.swift */,
				7B5C12B92C071A130096DE9E /* String+.swift */,
			);
			path = Extension;
			sourceTree = "<group>";
		};
		7BBED3552C035DDF0095FA9F = {
			isa = PBXGroup;
			children = (
				7BBED3752C035DFE0095FA9F /* .gitignore */,
				7BBED3602C035DDF0095FA9F /* TavelMagazine */,
				7BBED35F2C035DDF0095FA9F /* Products */,
			);
			sourceTree = "<group>";
		};
		7BBED35F2C035DDF0095FA9F /* Products */ = {
			isa = PBXGroup;
			children = (
				7BBED35E2C035DDF0095FA9F /* TavelMagazine.app */,
			);
			name = Products;
			sourceTree = "<group>";
		};
		7BBED3602C035DDF0095FA9F /* TavelMagazine */ = {
			isa = PBXGroup;
			children = (
				7BBED3612C035DDF0095FA9F /* AppDelegate.swift */,
				7BBED3632C035DDF0095FA9F /* SceneDelegate.swift */,
				7BBED3652C035DDF0095FA9F /* ViewController.swift */,
				7BBED36A2C035DE00095FA9F /* Assets.xcassets */,
				7BBED36C2C035DE00095FA9F /* LaunchScreen.storyboard */,
				7BBED36F2C035DE00095FA9F /* Info.plist */,
				7B6CC59E2C04A4E400FBFF21 /* Storyboard */,
				7B6CC59F2C04A50300FBFF21 /* Model */,
				7B6CC5A12C04A52C00FBFF21 /* ViewController */,
				7B6CC5B22C04CF5E00FBFF21 /* Extension */,
				7B5C12A62C0707080096DE9E /* Protocol */,
			);
			path = TavelMagazine;
			sourceTree = "<group>";
		};
/* End PBXGroup section */

/* Begin PBXNativeTarget section */
		7BBED35D2C035DDF0095FA9F /* TavelMagazine */ = {
			isa = PBXNativeTarget;
			buildConfigurationList = 7BBED3722C035DE00095FA9F /* Build configuration list for PBXNativeTarget "TavelMagazine" */;
			buildPhases = (
				7BBED35A2C035DDF0095FA9F /* Sources */,
				7BBED35B2C035DDF0095FA9F /* Frameworks */,
				7BBED35C2C035DDF0095FA9F /* Resources */,
			);
			buildRules = (
			);
			dependencies = (
			);
			name = TavelMagazine;
			packageProductDependencies = (
				7BBED37A2C036F940095FA9F /* Kingfisher */,
			);
			productName = TavelMagazine;
			productReference = 7BBED35E2C035DDF0095FA9F /* TavelMagazine.app */;
			productType = "com.apple.product-type.application";
		};
/* End PBXNativeTarget section */

/* Begin PBXProject section */
		7BBED3562C035DDF0095FA9F /* Project object */ = {
			isa = PBXProject;
			attributes = {
				BuildIndependentTargetsInParallel = 1;
				LastSwiftUpdateCheck = 1540;
				LastUpgradeCheck = 1540;
				TargetAttributes = {
					7BBED35D2C035DDF0095FA9F = {
						CreatedOnToolsVersion = 15.4;
					};
				};
			};
			buildConfigurationList = 7BBED3592C035DDF0095FA9F /* Build configuration list for PBXProject "TavelMagazine" */;
			compatibilityVersion = "Xcode 14.0";
			developmentRegion = en;
			hasScannedForEncodings = 0;
			knownRegions = (
				en,
				Base,
			);
			mainGroup = 7BBED3552C035DDF0095FA9F;
			packageReferences = (
				7BBED3792C036F940095FA9F /* XCRemoteSwiftPackageReference "Kingfisher" */,
			);
			productRefGroup = 7BBED35F2C035DDF0095FA9F /* Products */;
			projectDirPath = "";
			projectRoot = "";
			targets = (
				7BBED35D2C035DDF0095FA9F /* TavelMagazine */,
			);
		};
/* End PBXProject section */

/* Begin PBXResourcesBuildPhase section */
		7BBED35C2C035DDF0095FA9F /* Resources */ = {
			isa = PBXResourcesBuildPhase;
			buildActionMask = 2147483647;
			files = (
				7B5C12E52C0C57530096DE9E /* TravelTalk.storyboard in Resources */,
				7BBED3762C035DFE0095FA9F /* .gitignore in Resources */,
				7BBED37D2C0370210095FA9F /* Magazine.storyboard in Resources */,
				7B6CC5B02C04AB6A00FBFF21 /* AdvertiseTableViewCell.xib in Resources */,
				7BBED36B2C035DE00095FA9F /* Assets.xcassets in Resources */,
				7B6CC5AD2C04AB2600FBFF21 /* CityDetailInfoTableViewCell.xib in Resources */,
				7B5C12C92C087B410096DE9E /* Restaurant.storyboard in Resources */,
				7BBED36E2C035DE00095FA9F /* Base in Resources */,
				7BBED3692C035DDF0095FA9F /* Base in Resources */,
				7B5C12F22C0C61EF0096DE9E /* OutgoingMessageTableViewCell.xib in Resources */,
				7B5C12B72C0718F10096DE9E /* PopularCityTableViewCell.xib in Resources */,
				7B5C12AE2C0717670096DE9E /* PopularCity.storyboard in Resources */,
				7B5C12EE2C0C61D20096DE9E /* ReceptionMessageTableViewCell.xib in Resources */,
				7B6CC5A52C04A65800FBFF21 /* CityDetailInfo.storyboard in Resources */,
				7B6CC5992C0497B900FBFF21 /* MagazineTableViewCell.xib in Resources */,
			);
			runOnlyForDeploymentPostprocessing = 0;
		};
/* End PBXResourcesBuildPhase section */

/* Begin PBXSourcesBuildPhase section */
		7BBED35A2C035DDF0095FA9F /* Sources */ = {
			isa = PBXSourcesBuildPhase;
			buildActionMask = 2147483647;
			files = (
				7B5C12C72C087AF60096DE9E /* Restaurant.swift in Sources */,
				7B5C12AA2C07121E0096DE9E /* UINavigationController+.swift in Sources */,
				7B6CC5972C04977300FBFF21 /* MagazineViewController.swift in Sources */,
				7B6CC5AB2C04AAC500FBFF21 /* CityDetailInfoTableViewCell.swift in Sources */,
				7B5C12B12C0717A40096DE9E /* PopularCityViewController.swift in Sources */,
				7B5C12F62C0C63430096DE9E /* ReuseIdentifierProtocol.swift in Sources */,
				7B6CC59D2C04A3F500FBFF21 /* CityDetailInfoViewController.swift in Sources */,
				7B6CC5A72C04A74F00FBFF21 /* MainTabBarController.swift in Sources */,
				7B5C12ED2C0C61D20096DE9E /* ReceptionMessageTableViewCell.swift in Sources */,
				7B5C12F42C0C63010096DE9E /* ChttingRoomViewController.swift in Sources */,
				7BBED37F2C0370B40095FA9F /* MagazineTableViewController.swift in Sources */,
				7B5C12F12C0C61EF0096DE9E /* OutgoingMessageTableViewCell.swift in Sources */,
				7B5C12A82C07079D0096DE9E /* CellToMoveViewControllerProtocol.swift in Sources */,
				7BBED3662C035DDF0095FA9F /* ViewController.swift in Sources */,
				7BBED3782C035E320095FA9F /* MagazineInfo.swift in Sources */,
				7B6CC59B2C049DA300FBFF21 /* UIImageView+.swift in Sources */,
				7B5C12A52C07058B0096DE9E /* AdvertiseViewController.swift in Sources */,
				7B6CC5B12C04AB6A00FBFF21 /* AdvertiseTableViewCell.swift in Sources */,
				7BBED3812C0371A10095FA9F /* MagazineTableViewCell.swift in Sources */,
				7B5C12EA2C0C5D580096DE9E /* ChattingData.swift in Sources */,
				7BBED3622C035DDF0095FA9F /* AppDelegate.swift in Sources */,
				7B5C12DF2C0C1B680096DE9E /* TravelDelegate.swift in Sources */,
				7B5C12E72C0C57830096DE9E /* TravelTalkViewController.swift in Sources */,
				7B5C12A32C0705670096DE9E /* TouristSpotViewController.swift in Sources */,
				7B5C12B82C0718F10096DE9E /* PopularCityTableViewCell.swift in Sources */,
				7B6CC5A92C04A95B00FBFF21 /* TravelModel.swift in Sources */,
				7B5C12AC2C0716960096DE9E /* CityInfo.swift in Sources */,
				7B5C12BA2C071A130096DE9E /* String+.swift in Sources */,
				7B5C12F82C0C63960096DE9E /* UIViewController+.swift in Sources */,
				7B5C12FA2C0C64010096DE9E /* UITableViewCell+.swift in Sources */,
				7B5C12CC2C087B730096DE9E /* RestaurantViewController.swift in Sources */,
				7BBED3642C035DDF0095FA9F /* SceneDelegate.swift in Sources */,
			);
			runOnlyForDeploymentPostprocessing = 0;
		};
/* End PBXSourcesBuildPhase section */

/* Begin PBXVariantGroup section */
		7BBED3672C035DDF0095FA9F /* Main.storyboard */ = {
			isa = PBXVariantGroup;
			children = (
				7BBED3682C035DDF0095FA9F /* Base */,
			);
			name = Main.storyboard;
			sourceTree = "<group>";
		};
		7BBED36C2C035DE00095FA9F /* LaunchScreen.storyboard */ = {
			isa = PBXVariantGroup;
			children = (
				7BBED36D2C035DE00095FA9F /* Base */,
			);
			name = LaunchScreen.storyboard;
			sourceTree = "<group>";
		};
/* End PBXVariantGroup section */

/* Begin XCBuildConfiguration section */
		7BBED3702C035DE00095FA9F /* Debug */ = {
			isa = XCBuildConfiguration;
			buildSettings = {
				ALWAYS_SEARCH_USER_PATHS = NO;
				ASSETCATALOG_COMPILER_GENERATE_SWIFT_ASSET_SYMBOL_EXTENSIONS = YES;
				CLANG_ANALYZER_NONNULL = YES;
				CLANG_ANALYZER_NUMBER_OBJECT_CONVERSION = YES_AGGRESSIVE;
				CLANG_CXX_LANGUAGE_STANDARD = "gnu++20";
				CLANG_ENABLE_MODULES = YES;
				CLANG_ENABLE_OBJC_ARC = YES;
				CLANG_ENABLE_OBJC_WEAK = YES;
				CLANG_WARN_BLOCK_CAPTURE_AUTORELEASING = YES;
				CLANG_WARN_BOOL_CONVERSION = YES;
				CLANG_WARN_COMMA = YES;
				CLANG_WARN_CONSTANT_CONVERSION = YES;
				CLANG_WARN_DEPRECATED_OBJC_IMPLEMENTATIONS = YES;
				CLANG_WARN_DIRECT_OBJC_ISA_USAGE = YES_ERROR;
				CLANG_WARN_DOCUMENTATION_COMMENTS = YES;
				CLANG_WARN_EMPTY_BODY = YES;
				CLANG_WARN_ENUM_CONVERSION = YES;
				CLANG_WARN_INFINITE_RECURSION = YES;
				CLANG_WARN_INT_CONVERSION = YES;
				CLANG_WARN_NON_LITERAL_NULL_CONVERSION = YES;
				CLANG_WARN_OBJC_IMPLICIT_RETAIN_SELF = YES;
				CLANG_WARN_OBJC_LITERAL_CONVERSION = YES;
				CLANG_WARN_OBJC_ROOT_CLASS = YES_ERROR;
				CLANG_WARN_QUOTED_INCLUDE_IN_FRAMEWORK_HEADER = YES;
				CLANG_WARN_RANGE_LOOP_ANALYSIS = YES;
				CLANG_WARN_STRICT_PROTOTYPES = YES;
				CLANG_WARN_SUSPICIOUS_MOVE = YES;
				CLANG_WARN_UNGUARDED_AVAILABILITY = YES_AGGRESSIVE;
				CLANG_WARN_UNREACHABLE_CODE = YES;
				CLANG_WARN__DUPLICATE_METHOD_MATCH = YES;
				COPY_PHASE_STRIP = NO;
				DEBUG_INFORMATION_FORMAT = dwarf;
				ENABLE_STRICT_OBJC_MSGSEND = YES;
				ENABLE_TESTABILITY = YES;
				ENABLE_USER_SCRIPT_SANDBOXING = YES;
				GCC_C_LANGUAGE_STANDARD = gnu17;
				GCC_DYNAMIC_NO_PIC = NO;
				GCC_NO_COMMON_BLOCKS = YES;
				GCC_OPTIMIZATION_LEVEL = 0;
				GCC_PREPROCESSOR_DEFINITIONS = (
					"DEBUG=1",
					"$(inherited)",
				);
				GCC_WARN_64_TO_32_BIT_CONVERSION = YES;
				GCC_WARN_ABOUT_RETURN_TYPE = YES_ERROR;
				GCC_WARN_UNDECLARED_SELECTOR = YES;
				GCC_WARN_UNINITIALIZED_AUTOS = YES_AGGRESSIVE;
				GCC_WARN_UNUSED_FUNCTION = YES;
				GCC_WARN_UNUSED_VARIABLE = YES;
				IPHONEOS_DEPLOYMENT_TARGET = 17.5;
				LOCALIZATION_PREFERS_STRING_CATALOGS = YES;
				MTL_ENABLE_DEBUG_INFO = INCLUDE_SOURCE;
				MTL_FAST_MATH = YES;
				ONLY_ACTIVE_ARCH = YES;
				SDKROOT = iphoneos;
				SWIFT_ACTIVE_COMPILATION_CONDITIONS = "DEBUG $(inherited)";
				SWIFT_OPTIMIZATION_LEVEL = "-Onone";
			};
			name = Debug;
		};
		7BBED3712C035DE00095FA9F /* Release */ = {
			isa = XCBuildConfiguration;
			buildSettings = {
				ALWAYS_SEARCH_USER_PATHS = NO;
				ASSETCATALOG_COMPILER_GENERATE_SWIFT_ASSET_SYMBOL_EXTENSIONS = YES;
				CLANG_ANALYZER_NONNULL = YES;
				CLANG_ANALYZER_NUMBER_OBJECT_CONVERSION = YES_AGGRESSIVE;
				CLANG_CXX_LANGUAGE_STANDARD = "gnu++20";
				CLANG_ENABLE_MODULES = YES;
				CLANG_ENABLE_OBJC_ARC = YES;
				CLANG_ENABLE_OBJC_WEAK = YES;
				CLANG_WARN_BLOCK_CAPTURE_AUTORELEASING = YES;
				CLANG_WARN_BOOL_CONVERSION = YES;
				CLANG_WARN_COMMA = YES;
				CLANG_WARN_CONSTANT_CONVERSION = YES;
				CLANG_WARN_DEPRECATED_OBJC_IMPLEMENTATIONS = YES;
				CLANG_WARN_DIRECT_OBJC_ISA_USAGE = YES_ERROR;
				CLANG_WARN_DOCUMENTATION_COMMENTS = YES;
				CLANG_WARN_EMPTY_BODY = YES;
				CLANG_WARN_ENUM_CONVERSION = YES;
				CLANG_WARN_INFINITE_RECURSION = YES;
				CLANG_WARN_INT_CONVERSION = YES;
				CLANG_WARN_NON_LITERAL_NULL_CONVERSION = YES;
				CLANG_WARN_OBJC_IMPLICIT_RETAIN_SELF = YES;
				CLANG_WARN_OBJC_LITERAL_CONVERSION = YES;
				CLANG_WARN_OBJC_ROOT_CLASS = YES_ERROR;
				CLANG_WARN_QUOTED_INCLUDE_IN_FRAMEWORK_HEADER = YES;
				CLANG_WARN_RANGE_LOOP_ANALYSIS = YES;
				CLANG_WARN_STRICT_PROTOTYPES = YES;
				CLANG_WARN_SUSPICIOUS_MOVE = YES;
				CLANG_WARN_UNGUARDED_AVAILABILITY = YES_AGGRESSIVE;
				CLANG_WARN_UNREACHABLE_CODE = YES;
				CLANG_WARN__DUPLICATE_METHOD_MATCH = YES;
				COPY_PHASE_STRIP = NO;
				DEBUG_INFORMATION_FORMAT = "dwarf-with-dsym";
				ENABLE_NS_ASSERTIONS = NO;
				ENABLE_STRICT_OBJC_MSGSEND = YES;
				ENABLE_USER_SCRIPT_SANDBOXING = YES;
				GCC_C_LANGUAGE_STANDARD = gnu17;
				GCC_NO_COMMON_BLOCKS = YES;
				GCC_WARN_64_TO_32_BIT_CONVERSION = YES;
				GCC_WARN_ABOUT_RETURN_TYPE = YES_ERROR;
				GCC_WARN_UNDECLARED_SELECTOR = YES;
				GCC_WARN_UNINITIALIZED_AUTOS = YES_AGGRESSIVE;
				GCC_WARN_UNUSED_FUNCTION = YES;
				GCC_WARN_UNUSED_VARIABLE = YES;
				IPHONEOS_DEPLOYMENT_TARGET = 17.5;
				LOCALIZATION_PREFERS_STRING_CATALOGS = YES;
				MTL_ENABLE_DEBUG_INFO = NO;
				MTL_FAST_MATH = YES;
				SDKROOT = iphoneos;
				SWIFT_COMPILATION_MODE = wholemodule;
				VALIDATE_PRODUCT = YES;
			};
			name = Release;
		};
		7BBED3732C035DE00095FA9F /* Debug */ = {
			isa = XCBuildConfiguration;
			buildSettings = {
				ASSETCATALOG_COMPILER_APPICON_NAME = AppIcon;
				ASSETCATALOG_COMPILER_GLOBAL_ACCENT_COLOR_NAME = AccentColor;
				CODE_SIGN_STYLE = Automatic;
				CURRENT_PROJECT_VERSION = 1;
				DEVELOPMENT_TEAM = T62JF6T7Q4;
				GENERATE_INFOPLIST_FILE = YES;
				INFOPLIST_FILE = TavelMagazine/Info.plist;
				INFOPLIST_KEY_UIApplicationSupportsIndirectInputEvents = YES;
				INFOPLIST_KEY_UILaunchStoryboardName = LaunchScreen;
				INFOPLIST_KEY_UIMainStoryboardFile = Main;
				INFOPLIST_KEY_UISupportedInterfaceOrientations = UIInterfaceOrientationPortrait;
				INFOPLIST_KEY_UISupportedInterfaceOrientations_iPad = "UIInterfaceOrientationLandscapeLeft UIInterfaceOrientationLandscapeRight UIInterfaceOrientationPortrait UIInterfaceOrientationPortraitUpsideDown";
				IPHONEOS_DEPLOYMENT_TARGET = 17.0;
				LD_RUNPATH_SEARCH_PATHS = (
					"$(inherited)",
					"@executable_path/Frameworks",
				);
				MARKETING_VERSION = 1.0;
				PRODUCT_BUNDLE_IDENTIFIER = kr.co.kmj.TavelMagazine;
				PRODUCT_NAME = "$(TARGET_NAME)";
				SUPPORTED_PLATFORMS = "iphoneos iphonesimulator";
				SUPPORTS_MACCATALYST = NO;
				SUPPORTS_MAC_DESIGNED_FOR_IPHONE_IPAD = NO;
				SUPPORTS_XR_DESIGNED_FOR_IPHONE_IPAD = NO;
				SWIFT_EMIT_LOC_STRINGS = YES;
				SWIFT_VERSION = 5.0;
				TARGETED_DEVICE_FAMILY = 1;
			};
			name = Debug;
		};
		7BBED3742C035DE00095FA9F /* Release */ = {
			isa = XCBuildConfiguration;
			buildSettings = {
				ASSETCATALOG_COMPILER_APPICON_NAME = AppIcon;
				ASSETCATALOG_COMPILER_GLOBAL_ACCENT_COLOR_NAME = AccentColor;
				CODE_SIGN_STYLE = Automatic;
				CURRENT_PROJECT_VERSION = 1;
				DEVELOPMENT_TEAM = T62JF6T7Q4;
				GENERATE_INFOPLIST_FILE = YES;
				INFOPLIST_FILE = TavelMagazine/Info.plist;
				INFOPLIST_KEY_UIApplicationSupportsIndirectInputEvents = YES;
				INFOPLIST_KEY_UILaunchStoryboardName = LaunchScreen;
				INFOPLIST_KEY_UIMainStoryboardFile = Main;
				INFOPLIST_KEY_UISupportedInterfaceOrientations = UIInterfaceOrientationPortrait;
				INFOPLIST_KEY_UISupportedInterfaceOrientations_iPad = "UIInterfaceOrientationLandscapeLeft UIInterfaceOrientationLandscapeRight UIInterfaceOrientationPortrait UIInterfaceOrientationPortraitUpsideDown";
				IPHONEOS_DEPLOYMENT_TARGET = 17.0;
				LD_RUNPATH_SEARCH_PATHS = (
					"$(inherited)",
					"@executable_path/Frameworks",
				);
				MARKETING_VERSION = 1.0;
				PRODUCT_BUNDLE_IDENTIFIER = kr.co.kmj.TavelMagazine;
				PRODUCT_NAME = "$(TARGET_NAME)";
				SUPPORTED_PLATFORMS = "iphoneos iphonesimulator";
				SUPPORTS_MACCATALYST = NO;
				SUPPORTS_MAC_DESIGNED_FOR_IPHONE_IPAD = NO;
				SUPPORTS_XR_DESIGNED_FOR_IPHONE_IPAD = NO;
				SWIFT_EMIT_LOC_STRINGS = YES;
				SWIFT_VERSION = 5.0;
				TARGETED_DEVICE_FAMILY = 1;
			};
			name = Release;
		};
/* End XCBuildConfiguration section */

/* Begin XCConfigurationList section */
		7BBED3592C035DDF0095FA9F /* Build configuration list for PBXProject "TavelMagazine" */ = {
			isa = XCConfigurationList;
			buildConfigurations = (
				7BBED3702C035DE00095FA9F /* Debug */,
				7BBED3712C035DE00095FA9F /* Release */,
			);
			defaultConfigurationIsVisible = 0;
			defaultConfigurationName = Release;
		};
		7BBED3722C035DE00095FA9F /* Build configuration list for PBXNativeTarget "TavelMagazine" */ = {
			isa = XCConfigurationList;
			buildConfigurations = (
				7BBED3732C035DE00095FA9F /* Debug */,
				7BBED3742C035DE00095FA9F /* Release */,
			);
			defaultConfigurationIsVisible = 0;
			defaultConfigurationName = Release;
		};
/* End XCConfigurationList section */

/* Begin XCRemoteSwiftPackageReference section */
		7BBED3792C036F940095FA9F /* XCRemoteSwiftPackageReference "Kingfisher" */ = {
			isa = XCRemoteSwiftPackageReference;
			repositoryURL = "https://github.com/onevcat/Kingfisher.git";
			requirement = {
				kind = upToNextMajorVersion;
				minimumVersion = 7.11.0;
			};
		};
/* End XCRemoteSwiftPackageReference section */

/* Begin XCSwiftPackageProductDependency section */
		7BBED37A2C036F940095FA9F /* Kingfisher */ = {
			isa = XCSwiftPackageProductDependency;
			package = 7BBED3792C036F940095FA9F /* XCRemoteSwiftPackageReference "Kingfisher" */;
			productName = Kingfisher;
		};
/* End XCSwiftPackageProductDependency section */
	};
	rootObject = 7BBED3562C035DDF0095FA9F /* Project object */;
}
